# @generated by Move, please check-in and do not edit manually.

[move]
version = 2
manifest_digest = "816D577FFFAF4CC4CED4681E1C74AACD5744AEA72B0BDA16FCFA34CD3AFA73ED"
deps_digest = "F8BBB0CCB2491CA29A3DF03D6F92277A4F3574266507ACD77214D37ECA3F3082"
dependencies = [
  { name = "Sui" },
]

[[move.package]]
name = "MoveStdlib"
source = { git = "https://github.com/MystenLabs/sui.git", rev = "framework/testnet", subdir = "crates/sui-framework/packages/move-stdlib" }

[[move.package]]
name = "Sui"
source = { git = "https://github.com/MystenLabs/sui.git", rev = "framework/testnet", subdir = "crates/sui-framework/packages/sui-framework" }

dependencies = [
  { name = "MoveStdlib" },
]

[move.toolchain-version]
compiler-version = "1.25.1"
edition = "2024.beta"
flavor = "sui"

[env]

[env.testnet]
chain-id = "4c78adac"
original-published-id = "0x14832e50d21c6d6083995e85bb08be0dac26fa9f5ce2af3a0df1d1e9fe825361"
latest-published-id = "0x14832e50d21c6d6083995e85bb08be0dac26fa9f5ce2af3a0df1d1e9fe825361"
published-version = "1"

[env.devnet]
chain-id = "bd665407"
original-published-id = "0xcfafc26a692fa6add28fd3d9b89aa560c989cfe3941b9089ba7be749481a3578"
latest-published-id = "0xcfafc26a692fa6add28fd3d9b89aa560c989cfe3941b9089ba7be749481a3578"
published-version = "1"
